// !$*UTF8*$!
{
	archiveVersion = 1;
	classes = {
	};
	objectVersion = 46;
	objects = {

/* Begin PBXBuildFile section */
		D428F1A11E5429CB004FA9E2 /* AppDelegate.swift in Sources */ = {isa = PBXBuildFile; fileRef = D428F1A01E5429CB004FA9E2 /* AppDelegate.swift */; };
		D428F1A61E5429CB004FA9E2 /* Main.storyboard in Resources */ = {isa = PBXBuildFile; fileRef = D428F1A41E5429CB004FA9E2 /* Main.storyboard */; };
		D428F1A81E5429CB004FA9E2 /* Assets.xcassets in Resources */ = {isa = PBXBuildFile; fileRef = D428F1A71E5429CB004FA9E2 /* Assets.xcassets */; };
		D428F1AB1E5429CB004FA9E2 /* LaunchScreen.storyboard in Resources */ = {isa = PBXBuildFile; fileRef = D428F1A91E5429CB004FA9E2 /* LaunchScreen.storyboard */; };
		D428F1B61E5429CB004FA9E2 /* HW4Tests.swift in Sources */ = {isa = PBXBuildFile; fileRef = D428F1B51E5429CB004FA9E2 /* HW4Tests.swift */; };
		D428F1C11E5429CB004FA9E2 /* HW4UITests.swift in Sources */ = {isa = PBXBuildFile; fileRef = D428F1C01E5429CB004FA9E2 /* HW4UITests.swift */; };
		D428F1D01E5429FA004FA9E2 /* ContactTableViewController.swift in Sources */ = {isa = PBXBuildFile; fileRef = D428F1CF1E5429FA004FA9E2 /* ContactTableViewController.swift */; };
		D428F1D21E542A34004FA9E2 /* NameTableViewCell.swift in Sources */ = {isa = PBXBuildFile; fileRef = D428F1D11E542A34004FA9E2 /* NameTableViewCell.swift */; };
		D428F1D41E542A3D004FA9E2 /* AdressTableViewCell.swift in Sources */ = {isa = PBXBuildFile; fileRef = D428F1D31E542A3D004FA9E2 /* AdressTableViewCell.swift */; };
		D428F1D61E542A4D004FA9E2 /* people_class.swift in Sources */ = {isa = PBXBuildFile; fileRef = D428F1D51E542A4D004FA9E2 /* people_class.swift */; };
/* End PBXBuildFile section */

/* Begin PBXContainerItemProxy section */
		D428F1B21E5429CB004FA9E2 /* PBXContainerItemProxy */ = {
			isa = PBXContainerItemProxy;
			containerPortal = D428F1951E5429CB004FA9E2 /* Project object */;
			proxyType = 1;
			remoteGlobalIDString = D428F19C1E5429CB004FA9E2;
			remoteInfo = HW4;
		};
		D428F1BD1E5429CB004FA9E2 /* PBXContainerItemProxy */ = {
			isa = PBXContainerItemProxy;
			containerPortal = D428F1951E5429CB004FA9E2 /* Project object */;
			proxyType = 1;
			remoteGlobalIDString = D428F19C1E5429CB004FA9E2;
			remoteInfo = HW4;
		};
/* End PBXContainerItemProxy section */

/* Begin PBXFileReference section */
		D428F19D1E5429CB004FA9E2 /* HW4.app */ = {isa = PBXFileReference; explicitFileType = wrapper.application; includeInIndex = 0; path = HW4.app; sourceTree = BUILT_PRODUCTS_DIR; };
		D428F1A01E5429CB004FA9E2 /* AppDelegate.swift */ = {isa = PBXFileReference; lastKnownFileType = sourcecode.swift; path = AppDelegate.swift; sourceTree = "<group>"; };
		D428F1A51E5429CB004FA9E2 /* Base */ = {isa = PBXFileReference; lastKnownFileType = file.storyboard; name = Base; path = Base.lproj/Main.storyboard; sourceTree = "<group>"; };
		D428F1A71E5429CB004FA9E2 /* Assets.xcassets */ = {isa = PBXFileReference; lastKnownFileType = folder.assetcatalog; path = Assets.xcassets; sourceTree = "<group>"; };
		D428F1AA1E5429CB004FA9E2 /* Base */ = {isa = PBXFileReference; lastKnownFileType = file.storyboard; name = Base; path = Base.lproj/LaunchScreen.storyboard; sourceTree = "<group>"; };
		D428F1AC1E5429CB004FA9E2 /* Info.plist */ = {isa = PBXFileReference; lastKnownFileType = text.plist.xml; path = Info.plist; sourceTree = "<group>"; };
		D428F1B11E5429CB004FA9E2 /* HW4Tests.xctest */ = {isa = PBXFileReference; explicitFileType = wrapper.cfbundle; includeInIndex = 0; path = HW4Tests.xctest; sourceTree = BUILT_PRODUCTS_DIR; };
		D428F1B51E5429CB004FA9E2 /* HW4Tests.swift */ = {isa = PBXFileReference; lastKnownFileType = sourcecode.swift; path = HW4Tests.swift; sourceTree = "<group>"; };
		D428F1B71E5429CB004FA9E2 /* Info.plist */ = {isa = PBXFileReference; lastKnownFileType = text.plist.xml; path = Info.plist; sourceTree = "<group>"; };
		D428F1BC1E5429CB004FA9E2 /* HW4UITests.xctest */ = {isa = PBXFileReference; explicitFileType = wrapper.cfbundle; includeInIndex = 0; path = HW4UITests.xctest; sourceTree = BUILT_PRODUCTS_DIR; };
		D428F1C01E5429CB004FA9E2 /* HW4UITests.swift */ = {isa = PBXFileReference; lastKnownFileType = sourcecode.swift; path = HW4UITests.swift; sourceTree = "<group>"; };
		D428F1C21E5429CB004FA9E2 /* Info.plist */ = {isa = PBXFileReference; lastKnownFileType = text.plist.xml; path = Info.plist; sourceTree = "<group>"; };
		D428F1CF1E5429FA004FA9E2 /* ContactTableViewController.swift */ = {isa = PBXFileReference; fileEncoding = 4; lastKnownFileType = sourcecode.swift; path = ContactTableViewController.swift; sourceTree = "<group>"; };
		D428F1D11E542A34004FA9E2 /* NameTableViewCell.swift */ = {isa = PBXFileReference; fileEncoding = 4; lastKnownFileType = sourcecode.swift; path = NameTableViewCell.swift; sourceTree = "<group>"; };
		D428F1D31E542A3D004FA9E2 /* AdressTableViewCell.swift */ = {isa = PBXFileReference; fileEncoding = 4; lastKnownFileType = sourcecode.swift; path = AdressTableViewCell.swift; sourceTree = "<group>"; };
		D428F1D51E542A4D004FA9E2 /* people_class.swift */ = {isa = PBXFileReference; fileEncoding = 4; lastKnownFileType = sourcecode.swift; path = people_class.swift; sourceTree = "<group>"; };
/* End PBXFileReference section */

/* Begin PBXFrameworksBuildPhase section */
		D428F19A1E5429CB004FA9E2 /* Frameworks */ = {
			isa = PBXFrameworksBuildPhase;
			buildActionMask = 2147483647;
			files = (
			);
			runOnlyForDeploymentPostprocessing = 0;
		};
		D428F1AE1E5429CB004FA9E2 /* Frameworks */ = {
			isa = PBXFrameworksBuildPhase;
			buildActionMask = 2147483647;
			files = (
			);
			runOnlyForDeploymentPostprocessing = 0;
		};
		D428F1B91E5429CB004FA9E2 /* Frameworks */ = {
			isa = PBXFrameworksBuildPhase;
			buildActionMask = 2147483647;
			files = (
			);
			runOnlyForDeploymentPostprocessing = 0;
		};
/* End PBXFrameworksBuildPhase section */

/* Begin PBXGroup section */
		D428F1941E5429CB004FA9E2 = {
			isa = PBXGroup;
			children = (
				D428F19F1E5429CB004FA9E2 /* HW4 */,
				D428F1B41E5429CB004FA9E2 /* HW4Tests */,
				D428F1BF1E5429CB004FA9E2 /* HW4UITests */,
				D428F19E1E5429CB004FA9E2 /* Products */,
			);
			sourceTree = "<group>";
		};
		D428F19E1E5429CB004FA9E2 /* Products */ = {
			isa = PBXGroup;
			children = (
				D428F19D1E5429CB004FA9E2 /* HW4.app */,
				D428F1B11E5429CB004FA9E2 /* HW4Tests.xctest */,
				D428F1BC1E5429CB004FA9E2 /* HW4UITests.xctest */,
			);
			name = Products;
			sourceTree = "<group>";
		};
		D428F19F1E5429CB004FA9E2 /* HW4 */ = {
			isa = PBXGroup;
			children = (
				D428F1A01E5429CB004FA9E2 /* AppDelegate.swift */,
				D428F1CF1E5429FA004FA9E2 /* ContactTableViewController.swift */,
				D428F1D11E542A34004FA9E2 /* NameTableViewCell.swift */,
				D428F1D31E542A3D004FA9E2 /* AdressTableViewCell.swift */,
				D428F1D51E542A4D004FA9E2 /* people_class.swift */,
				D428F1A41E5429CB004FA9E2 /* Main.storyboard */,
				D428F1A71E5429CB004FA9E2 /* Assets.xcassets */,
				D428F1A91E5429CB004FA9E2 /* LaunchScreen.storyboard */,
				D428F1AC1E5429CB004FA9E2 /* Info.plist */,
			);
			path = HW4;
			sourceTree = "<group>";
		};
		D428F1B41E5429CB004FA9E2 /* HW4Tests */ = {
			isa = PBXGroup;
			children = (
				D428F1B51E5429CB004FA9E2 /* HW4Tests.swift */,
				D428F1B71E5429CB004FA9E2 /* Info.plist */,
			);
			path = HW4Tests;
			sourceTree = "<group>";
		};
		D428F1BF1E5429CB004FA9E2 /* HW4UITests */ = {
			isa = PBXGroup;
			children = (
				D428F1C01E5429CB004FA9E2 /* HW4UITests.swift */,
				D428F1C21E5429CB004FA9E2 /* Info.plist */,
			);
			path = HW4UITests;
			sourceTree = "<group>";
		};
/* End PBXGroup section */

/* Begin PBXNativeTarget section */
		D428F19C1E5429CB004FA9E2 /* HW4 */ = {
			isa = PBXNativeTarget;
			buildConfigurationList = D428F1C51E5429CB004FA9E2 /* Build configuration list for PBXNativeTarget "HW4" */;
			buildPhases = (
				D428F1991E5429CB004FA9E2 /* Sources */,
				D428F19A1E5429CB004FA9E2 /* Frameworks */,
				D428F19B1E5429CB004FA9E2 /* Resources */,
			);
			buildRules = (
			);
			dependencies = (
			);
			name = HW4;
			productName = HW4;
			productReference = D428F19D1E5429CB004FA9E2 /* HW4.app */;
			productType = "com.apple.product-type.application";
		};
		D428F1B01E5429CB004FA9E2 /* HW4Tests */ = {
			isa = PBXNativeTarget;
			buildConfigurationList = D428F1C81E5429CB004FA9E2 /* Build configuration list for PBXNativeTarget "HW4Tests" */;
			buildPhases = (
				D428F1AD1E5429CB004FA9E2 /* Sources */,
				D428F1AE1E5429CB004FA9E2 /* Frameworks */,
				D428F1AF1E5429CB004FA9E2 /* Resources */,
			);
			buildRules = (
			);
			dependencies = (
				D428F1B31E5429CB004FA9E2 /* PBXTargetDependency */,
			);
			name = HW4Tests;
			productName = HW4Tests;
			productReference = D428F1B11E5429CB004FA9E2 /* HW4Tests.xctest */;
			productType = "com.apple.product-type.bundle.unit-test";
		};
		D428F1BB1E5429CB004FA9E2 /* HW4UITests */ = {
			isa = PBXNativeTarget;
			buildConfigurationList = D428F1CB1E5429CB004FA9E2 /* Build configuration list for PBXNativeTarget "HW4UITests" */;
			buildPhases = (
				D428F1B81E5429CB004FA9E2 /* Sources */,
				D428F1B91E5429CB004FA9E2 /* Frameworks */,
				D428F1BA1E5429CB004FA9E2 /* Resources */,
			);
			buildRules = (
			);
			dependencies = (
				D428F1BE1E5429CB004FA9E2 /* PBXTargetDependency */,
			);
			name = HW4UITests;
			productName = HW4UITests;
			productReference = D428F1BC1E5429CB004FA9E2 /* HW4UITests.xctest */;
			productType = "com.apple.product-type.bundle.ui-testing";
		};
/* End PBXNativeTarget section */

/* Begin PBXProject section */
		D428F1951E5429CB004FA9E2 /* Project object */ = {
			isa = PBXProject;
			attributes = {
				LastSwiftUpdateCheck = 0820;
				LastUpgradeCheck = 0820;
				ORGANIZATIONNAME = "Hyun Joong Kim";
				TargetAttributes = {
					D428F19C1E5429CB004FA9E2 = {
						CreatedOnToolsVersion = 8.2.1;
						ProvisioningStyle = Automatic;
					};
					D428F1B01E5429CB004FA9E2 = {
						CreatedOnToolsVersion = 8.2.1;
						ProvisioningStyle = Automatic;
						TestTargetID = D428F19C1E5429CB004FA9E2;
					};
					D428F1BB1E5429CB004FA9E2 = {
						CreatedOnToolsVersion = 8.2.1;
						ProvisioningStyle = Automatic;
						TestTargetID = D428F19C1E5429CB004FA9E2;
					};
				};
			};
			buildConfigurationList = D428F1981E5429CB004FA9E2 /* Build configuration list for PBXProject "HW4" */;
			compatibilityVersion = "Xcode 3.2";
			developmentRegion = English;
			hasScannedForEncodings = 0;
			knownRegions = (
				en,
				Base,
			);
			mainGroup = D428F1941E5429CB004FA9E2;
			productRefGroup = D428F19E1E5429CB004FA9E2 /* Products */;
			projectDirPath = "";
			projectRoot = "";
			targets = (
				D428F19C1E5429CB004FA9E2 /* HW4 */,
				D428F1B01E5429CB004FA9E2 /* HW4Tests */,
				D428F1BB1E5429CB004FA9E2 /* HW4UITests */,
			);
		};
/* End PBXProject section */

/* Begin PBXResourcesBuildPhase section */
		D428F19B1E5429CB004FA9E2 /* Resources */ = {
			isa = PBXResourcesBuildPhase;
			buildActionMask = 2147483647;
			files = (
				D428F1AB1E5429CB004FA9E2 /* LaunchScreen.storyboard in Resources */,
				D428F1A81E5429CB004FA9E2 /* Assets.xcassets in Resources */,
				D428F1A61E5429CB004FA9E2 /* Main.storyboard in Resources */,
			);
			runOnlyForDeploymentPostprocessing = 0;
		};
		D428F1AF1E5429CB004FA9E2 /* Resources */ = {
			isa = PBXResourcesBuildPhase;
			buildActionMask = 2147483647;
			files = (
			);
			runOnlyForDeploymentPostprocessing = 0;
		};
		D428F1BA1E5429CB004FA9E2 /* Resources */ = {
			isa = PBXResourcesBuildPhase;
			buildActionMask = 2147483647;
			files = (
			);
			runOnlyForDeploymentPostprocessing = 0;
		};
/* End PBXResourcesBuildPhase section */

/* Begin PBXSourcesBuildPhase section */
		D428F1991E5429CB004FA9E2 /* Sources */ = {
			isa = PBXSourcesBuildPhase;
			buildActionMask = 2147483647;
			files = (
				D428F1D21E542A34004FA9E2 /* NameTableViewCell.swift in Sources */,
				D428F1D41E542A3D004FA9E2 /* AdressTableViewCell.swift in Sources */,
				D428F1D01E5429FA004FA9E2 /* ContactTableViewController.swift in Sources */,
				D428F1D61E542A4D004FA9E2 /* people_class.swift in Sources */,
				D428F1A11E5429CB004FA9E2 /* AppDelegate.swift in Sources */,
			);
			runOnlyForDeploymentPostprocessing = 0;
		};
		D428F1AD1E5429CB004FA9E2 /* Sources */ = {
			isa = PBXSourcesBuildPhase;
			buildActionMask = 2147483647;
			files = (
				D428F1B61E5429CB004FA9E2 /* HW4Tests.swift in Sources */,
			);
			runOnlyForDeploymentPostprocessing = 0;
		};
		D428F1B81E5429CB004FA9E2 /* Sources */ = {
			isa = PBXSourcesBuildPhase;
			buildActionMask = 2147483647;
			files = (
				D428F1C11E5429CB004FA9E2 /* HW4UITests.swift in Sources */,
			);
			runOnlyForDeploymentPostprocessing = 0;
		};
/* End PBXSourcesBuildPhase section */

/* Begin PBXTargetDependency section */
		D428F1B31E5429CB004FA9E2 /* PBXTargetDependency */ = {
			isa = PBXTargetDependency;
			target = D428F19C1E5429CB004FA9E2 /* HW4 */;
			targetProxy = D428F1B21E5429CB004FA9E2 /* PBXContainerItemProxy */;
		};
		D428F1BE1E5429CB004FA9E2 /* PBXTargetDependency */ = {
			isa = PBXTargetDependency;
			target = D428F19C1E5429CB004FA9E2 /* HW4 */;
			targetProxy = D428F1BD1E5429CB004FA9E2 /* PBXContainerItemProxy */;
		};
/* End PBXTargetDependency section */

/* Begin PBXVariantGroup section */
		D428F1A41E5429CB004FA9E2 /* Main.storyboard */ = {
			isa = PBXVariantGroup;
			children = (
				D428F1A51E5429CB004FA9E2 /* Base */,
			);
			name = Main.storyboard;
			sourceTree = "<group>";
		};
		D428F1A91E5429CB004FA9E2 /* LaunchScreen.storyboard */ = {
			isa = PBXVariantGroup;
			children = (
				D428F1AA1E5429CB004FA9E2 /* Base */,
			);
			name = LaunchScreen.storyboard;
			sourceTree = "<group>";
		};
/* End PBXVariantGroup section */

/* Begin XCBuildConfiguration section */
		D428F1C31E5429CB004FA9E2 /* Debug */ = {
			isa = XCBuildConfiguration;
			buildSettings = {
				ALWAYS_SEARCH_USER_PATHS = NO;
				CLANG_ANALYZER_NONNULL = YES;
				CLANG_CXX_LANGUAGE_STANDARD = "gnu++0x";
				CLANG_CXX_LIBRARY = "libc++";
				CLANG_ENABLE_MODULES = YES;
				CLANG_ENABLE_OBJC_ARC = YES;
				CLANG_WARN_BOOL_CONVERSION = YES;
				CLANG_WARN_CONSTANT_CONVERSION = YES;
				CLANG_WARN_DIRECT_OBJC_ISA_USAGE = YES_ERROR;
				CLANG_WARN_DOCUMENTATION_COMMENTS = YES;
				CLANG_WARN_EMPTY_BODY = YES;
				CLANG_WARN_ENUM_CONVERSION = YES;
				CLANG_WARN_INFINITE_RECURSION = YES;
				CLANG_WARN_INT_CONVERSION = YES;
				CLANG_WARN_OBJC_ROOT_CLASS = YES_ERROR;
				CLANG_WARN_SUSPICIOUS_MOVE = YES;
				CLANG_WARN_UNREACHABLE_CODE = YES;
				CLANG_WARN__DUPLICATE_METHOD_MATCH = YES;
				"CODE_SIGN_IDENTITY[sdk=iphoneos*]" = "iPhone Developer";
				COPY_PHASE_STRIP = NO;
				DEBUG_INFORMATION_FORMAT = dwarf;
				ENABLE_STRICT_OBJC_MSGSEND = YES;
				ENABLE_TESTABILITY = YES;
				GCC_C_LANGUAGE_STANDARD = gnu99;
				GCC_DYNAMIC_NO_PIC = NO;
				GCC_NO_COMMON_BLOCKS = YES;
				GCC_OPTIMIZATION_LEVEL = 0;
				GCC_PREPROCESSOR_DEFINITIONS = (
					"DEBUG=1",
					"$(inherited)",
				);
				GCC_WARN_64_TO_32_BIT_CONVERSION = YES;
				GCC_WARN_ABOUT_RETURN_TYPE = YES_ERROR;
				GCC_WARN_UNDECLARED_SELECTOR = YES;
				GCC_WARN_UNINITIALIZED_AUTOS = YES_AGGRESSIVE;
				GCC_WARN_UNUSED_FUNCTION = YES;
				GCC_WARN_UNUSED_VARIABLE = YES;
				IPHONEOS_DEPLOYMENT_TARGET = 10.2;
				MTL_ENABLE_DEBUG_INFO = YES;
				ONLY_ACTIVE_ARCH = YES;
				SDKROOT = iphoneos;
				SWIFT_ACTIVE_COMPILATION_CONDITIONS = DEBUG;
				SWIFT_OPTIMIZATION_LEVEL = "-Onone";
				TARGETED_DEVICE_FAMILY = "1,2";
			};
			name = Debug;
		};
		D428F1C41E5429CB004FA9E2 /* Release */ = {
			isa = XCBuildConfiguration;
			buildSettings = {
				ALWAYS_SEARCH_USER_PATHS = NO;
				CLANG_ANALYZER_NONNULL = YES;
				CLANG_CXX_LANGUAGE_STANDARD = "gnu++0x";
				CLANG_CXX_LIBRARY = "libc++";
				CLANG_ENABLE_MODULES = YES;
				CLANG_ENABLE_OBJC_ARC = YES;
				CLANG_WARN_BOOL_CONVERSION = YES;
				CLANG_WARN_CONSTANT_CONVERSION = YES;
				CLANG_WARN_DIRECT_OBJC_ISA_USAGE = YES_ERROR;
				CLANG_WARN_DOCUMENTATION_COMMENTS = YES;
				CLANG_WARN_EMPTY_BODY = YES;
				CLANG_WARN_ENUM_CONVERSION = YES;
				CLANG_WARN_INFINITE_RECURSION = YES;
				CLANG_WARN_INT_CONVERSION = YES;
				CLANG_WARN_OBJC_ROOT_CLASS = YES_ERROR;
				CLANG_WARN_SUSPICIOUS_MOVE = YES;
				CLANG_WARN_UNREACHABLE_CODE = YES;
				CLANG_WARN__DUPLICATE_METHOD_MATCH = YES;
				"CODE_SIGN_IDENTITY[sdk=iphoneos*]" = "iPhone Developer";
				COPY_PHASE_STRIP = NO;
				DEBUG_INFORMATION_FORMAT = "dwarf-with-dsym";
				ENABLE_NS_ASSERTIONS = NO;
				ENABLE_STRICT_OBJC_MSGSEND = YES;
				GCC_C_LANGUAGE_STANDARD = gnu99;
				GCC_NO_COMMON_BLOCKS = YES;
				GCC_WARN_64_TO_32_BIT_CONVERSION = YES;
				GCC_WARN_ABOUT_RETURN_TYPE = YES_ERROR;
				GCC_WARN_UNDECLARED_SELECTOR = YES;
				GCC_WARN_UNINITIALIZED_AUTOS = YES_AGGRESSIVE;
				GCC_WARN_UNUSED_FUNCTION = YES;
				GCC_WARN_UNUSED_VARIABLE = YES;
				IPHONEOS_DEPLOYMENT_TARGET = 10.2;
				MTL_ENABLE_DEBUG_INFO = NO;
				SDKROOT = iphoneos;
				SWIFT_OPTIMIZATION_LEVEL = "-Owholemodule";
				TARGETED_DEVICE_FAMILY = "1,2";
				VALIDATE_PRODUCT = YES;
			};
			name = Release;
		};
		D428F1C61E5429CB004FA9E2 /* Debug */ = {
			isa = XCBuildConfiguration;
			buildSettings = {
				ASSETCATALOG_COMPILER_APPICON_NAME = AppIcon;
				INFOPLIST_FILE = HW4/Info.plist;
				LD_RUNPATH_SEARCH_PATHS = "$(inherited) @executable_path/Frameworks";
				PRODUCT_BUNDLE_IDENTIFIER = private.HW4;
				PRODUCT_NAME = "$(TARGET_NAME)";
				SWIFT_VERSION = 3.0;
			};
			name = Debug;
		};
		D428F1C71E5429CB004FA9E2 /* Release */ = {
			isa = XCBuildConfiguration;
			buildSettings = {
				ASSETCATALOG_COMPILER_APPICON_NAME = AppIcon;
				INFOPLIST_FILE = HW4/Info.plist;
				LD_RUNPATH_SEARCH_PATHS = "$(inherited) @executable_path/Frameworks";
				PRODUCT_BUNDLE_IDENTIFIER = private.HW4;
				PRODUCT_NAME = "$(TARGET_NAME)";
				SWIFT_VERSION = 3.0;
			};
			name = Release;
		};
		D428F1C91E5429CB004FA9E2 /* Debug */ = {
			isa = XCBuildConfiguration;
			buildSettings = {
				ALWAYS_EMBED_SWIFT_STANDARD_LIBRARIES = YES;
				BUNDLE_LOADER = "$(TEST_HOST)";
				INFOPLIST_FILE = HW4Tests/Info.plist;
				LD_RUNPATH_SEARCH_PATHS = "$(inherited) @executable_path/Frameworks @loader_path/Frameworks";
				PRODUCT_BUNDLE_IDENTIFIER = private.HW4Tests;
				PRODUCT_NAME = "$(TARGET_NAME)";
				SWIFT_VERSION = 3.0;
				TEST_HOST = "$(BUILT_PRODUCTS_DIR)/HW4.app/HW4";
			};
			name = Debug;
		};
		D428F1CA1E5429CB004FA9E2 /* Release */ = {
			isa = XCBuildConfiguration;
			buildSettings = {
				ALWAYS_EMBED_SWIFT_STANDARD_LIBRARIES = YES;
				BUNDLE_LOADER = "$(TEST_HOST)";
				INFOPLIST_FILE = HW4Tests/Info.plist;
				LD_RUNPATH_SEARCH_PATHS = "$(inherited) @executable_path/Frameworks @loader_path/Frameworks";
				PRODUCT_BUNDLE_IDENTIFIER = private.HW4Tests;
				PRODUCT_NAME = "$(TARGET_NAME)";
				SWIFT_VERSION = 3.0;
				TEST_HOST = "$(BUILT_PRODUCTS_DIR)/HW4.app/HW4";
			};
			name = Release;
		};
		D428F1CC1E5429CB004FA9E2 /* Debug */ = {
			isa = XCBuildConfiguration;
			buildSettings = {
				ALWAYS_EMBED_SWIFT_STANDARD_LIBRARIES = YES;
				INFOPLIST_FILE = HW4UITests/Info.plist;
				LD_RUNPATH_SEARCH_PATHS = "$(inherited) @executable_path/Frameworks @loader_path/Frameworks";
				PRODUCT_BUNDLE_IDENTIFIER = private.HW4UITests;
				PRODUCT_NAME = "$(TARGET_NAME)";
				SWIFT_VERSION = 3.0;
				TEST_TARGET_NAME = HW4;
			};
			name = Debug;
		};
		D428F1CD1E5429CB004FA9E2 /* Release */ = {
			isa = XCBuildConfiguration;
			buildSettings = {
				ALWAYS_EMBED_SWIFT_STANDARD_LIBRARIES = YES;
				INFOPLIST_FILE = HW4UITests/Info.plist;
				LD_RUNPATH_SEARCH_PATHS = "$(inherited) @executable_path/Frameworks @loader_path/Frameworks";
				PRODUCT_BUNDLE_IDENTIFIER = private.HW4UITests;
				PRODUCT_NAME = "$(TARGET_NAME)";
				SWIFT_VERSION = 3.0;
				TEST_TARGET_NAME = HW4;
			};
			name = Release;
		};
/* End XCBuildConfiguration section */

/* Begin XCConfigurationList section */
		D428F1981E5429CB004FA9E2 /* Build configuration list for PBXProject "HW4" */ = {
			isa = XCConfigurationList;
			buildConfigurations = (
				D428F1C31E5429CB004FA9E2 /* Debug */,
				D428F1C41E5429CB004FA9E2 /* Release */,
			);
			defaultConfigurationIsVisible = 0;
			defaultConfigurationName = Release;
		};
		D428F1C51E5429CB004FA9E2 /* Build configuration list for PBXNativeTarget "HW4" */ = {
			isa = XCConfigurationList;
			buildConfigurations = (
				D428F1C61E5429CB004FA9E2 /* Debug */,
				D428F1C71E5429CB004FA9E2 /* Release */,
			);
			defaultConfigurationIsVisible = 0;
		};
		D428F1C81E5429CB004FA9E2 /* Build configuration list for PBXNativeTarget "HW4Tests" */ = {
			isa = XCConfigurationList;
			buildConfigurations = (
				D428F1C91E5429CB004FA9E2 /* Debug */,
				D428F1CA1E5429CB004FA9E2 /* Release */,
			);
			defaultConfigurationIsVisible = 0;
		};
		D428F1CB1E5429CB004FA9E2 /* Build configuration list for PBXNativeTarget "HW4UITests" */ = {
			isa = XCConfigurationList;
			buildConfigurations = (
				D428F1CC1E5429CB004FA9E2 /* Debug */,
				D428F1CD1E5429CB004FA9E2 /* Release */,
			);
			defaultConfigurationIsVisible = 0;
		};
/* End XCConfigurationList section */
	};
	rootObject = D428F1951E5429CB004FA9E2 /* Project object */;
}
